
Microsoft Visual Studio Solution File, Format Version 12.00
# Visual Studio 15
VisualStudioVersion = 15.0.28307.645
MinimumVisualStudioVersion = 10.0.40219.1
Project("{9A19103F-16F7-4668-BE54-9A1E7A4F7556}") = "Receive", "Receive.csproj", "{37AC4416-2C3B-4449-8DB1-74D8E58DF997}"
EndProject
Global
	GlobalSection(SolutionConfigurationPlatforms) = preSolution
		Debug|Any CPU = Debug|Any CPU
		Release|Any CPU = Release|Any CPU
	EndGlobalSection
	GlobalSection(ProjectConfigurationPlatforms) = postSolution
		{37AC4416-2C3B-4449-8DB1-74D8E58DF997}.Debug|Any CPU.ActiveCfg = Debug|Any CPU
		{37AC4416-2C3B-4449-8DB1-74D8E58DF997}.Debug|Any CPU.Build.0 = Debug|Any CPU
		{37AC4416-2C3B-4449-8DB1-74D8E58DF997}.Release|Any CPU.ActiveCfg = Release|Any CPU
		{37AC4416-2C3B-4449-8DB1-74D8E58DF997}.Release|Any CPU.Build.0 = Release|Any CPU
	EndGlobalSection
	GlobalSection(SolutionProperties) = preSolution
		HideSolutionNode = FALSE
	EndGlobalSection
	GlobalSection(ExtensibilityGlobals) = postSolution
		SolutionGuid = {7131A8D7-BDB8-47AC-9CE8-4C3D481F8A15}
	EndGlobalSection
EndGlobal
