
Microsoft Visual Studio Solution File, Format Version 12.00
# Visual Studio 15
VisualStudioVersion = 15.0.28307.645
MinimumVisualStudioVersion = 10.0.40219.1
Project("{9A19103F-16F7-4668-BE54-9A1E7A4F7556}") = "Send", "Send.csproj", "{A784D09F-68C8-407B-97A1-B6A6E5B2C699}"
EndProject
Global
	GlobalSection(SolutionConfigurationPlatforms) = preSolution
		Debug|Any CPU = Debug|Any CPU
		Release|Any CPU = Release|Any CPU
	EndGlobalSection
	GlobalSection(ProjectConfigurationPlatforms) = postSolution
		{A784D09F-68C8-407B-97A1-B6A6E5B2C699}.Debug|Any CPU.ActiveCfg = Debug|Any CPU
		{A784D09F-68C8-407B-97A1-B6A6E5B2C699}.Debug|Any CPU.Build.0 = Debug|Any CPU
		{A784D09F-68C8-407B-97A1-B6A6E5B2C699}.Release|Any CPU.ActiveCfg = Release|Any CPU
		{A784D09F-68C8-407B-97A1-B6A6E5B2C699}.Release|Any CPU.Build.0 = Release|Any CPU
	EndGlobalSection
	GlobalSection(SolutionProperties) = preSolution
		HideSolutionNode = FALSE
	EndGlobalSection
	GlobalSection(ExtensibilityGlobals) = postSolution
		SolutionGuid = {FC2B4E43-C961-4DF1-B59F-80E593AD0591}
	EndGlobalSection
EndGlobal
